
Microsoft Visual Studio Solution File, Format Version 12.00
Project("{2150E333-8FDC-42A3-9474-1A3956D46DE8}") = "src", "src", "{827E0CD3-B72D-47B6-A68D-7590B98EB39B}"
EndProject
Project("{FAE04EC0-301F-11D3-BF4B-00C04F79EFBC}") = "CleanArcBase.Domain", "src\CleanArcBase.Domain\CleanArcBase.Domain.csproj", "{5E3DC9EC-6304-4F38-8C62-EE6F84DE6BB2}"
EndProject
Project("{FAE04EC0-301F-11D3-BF4B-00C04F79EFBC}") = "CleanArcBase.Application", "src\CleanArcBase.Application\CleanArcBase.Application.csproj", "{0015A618-14DE-45EA-9C34-3418AADC0EF7}"
EndProject
Project("{FAE04EC0-301F-11D3-BF4B-00C04F79EFBC}") = "CleanArcBase.Infrastructure", "src\CleanArcBase.Infrastructure\CleanArcBase.Infrastructure.csproj", "{6431EFD7-8E11-4664-9683-E2746412A42C}"
EndProject
Project("{FAE04EC0-301F-11D3-BF4B-00C04F79EFBC}") = "CleanArcBase.API", "src\CleanArcBase.API\CleanArcBase.API.csproj", "{FC079661-912E-4C90-91DF-643241ED389F}"
EndProject
Project("{2150E333-8FDC-42A3-9474-1A3956D46DE8}") = "tests", "tests", "{0AB3BF05-4346-4AA6-1389-037BE0695223}"
EndProject
Project("{FAE04EC0-301F-11D3-BF4B-00C04F79EFBC}") = "CleanArcBase.Domain.Tests", "tests\CleanArcBase.Domain.Tests\CleanArcBase.Domain.Tests.csproj", "{DCE3846D-2B9C-4F65-85CB-6C6D26BFB390}"
EndProject
Project("{FAE04EC0-301F-11D3-BF4B-00C04F79EFBC}") = "CleanArcBase.Application.Tests", "tests\CleanArcBase.Application.Tests\CleanArcBase.Application.Tests.csproj", "{8B7D6D9B-9029-4AF0-932A-306B5FD23B6A}"
EndProject
Project("{FAE04EC0-301F-11D3-BF4B-00C04F79EFBC}") = "CleanArcBase.API.Tests", "tests\CleanArcBase.API.Tests\CleanArcBase.API.Tests.csproj", "{21DDAC8C-A3C7-4D1D-AD38-966547E6B9D5}"
EndProject
Global
	GlobalSection(SolutionConfigurationPlatforms) = preSolution
		Debug|Any CPU = Debug|Any CPU
		Debug|x64 = Debug|x64
		Debug|x86 = Debug|x86
		Release|Any CPU = Release|Any CPU
		Release|x64 = Release|x64
		Release|x86 = Release|x86
	EndGlobalSection
	GlobalSection(ProjectConfigurationPlatforms) = postSolution
		{5E3DC9EC-6304-4F38-8C62-EE6F84DE6BB2}.Debug|Any CPU.ActiveCfg = Debug|Any CPU
		{5E3DC9EC-6304-4F38-8C62-EE6F84DE6BB2}.Debug|Any CPU.Build.0 = Debug|Any CPU
		{5E3DC9EC-6304-4F38-8C62-EE6F84DE6BB2}.Debug|x64.ActiveCfg = Debug|Any CPU
		{5E3DC9EC-6304-4F38-8C62-EE6F84DE6BB2}.Debug|x64.Build.0 = Debug|Any CPU
		{5E3DC9EC-6304-4F38-8C62-EE6F84DE6BB2}.Debug|x86.ActiveCfg = Debug|Any CPU
		{5E3DC9EC-6304-4F38-8C62-EE6F84DE6BB2}.Debug|x86.Build.0 = Debug|Any CPU
		{5E3DC9EC-6304-4F38-8C62-EE6F84DE6BB2}.Release|Any CPU.ActiveCfg = Release|Any CPU
		{5E3DC9EC-6304-4F38-8C62-EE6F84DE6BB2}.Release|Any CPU.Build.0 = Release|Any CPU
		{5E3DC9EC-6304-4F38-8C62-EE6F84DE6BB2}.Release|x64.ActiveCfg = Release|Any CPU
		{5E3DC9EC-6304-4F38-8C62-EE6F84DE6BB2}.Release|x64.Build.0 = Release|Any CPU
		{5E3DC9EC-6304-4F38-8C62-EE6F84DE6BB2}.Release|x86.ActiveCfg = Release|Any CPU
		{5E3DC9EC-6304-4F38-8C62-EE6F84DE6BB2}.Release|x86.Build.0 = Release|Any CPU
		{0015A618-14DE-45EA-9C34-3418AADC0EF7}.Debug|Any CPU.ActiveCfg = Debug|Any CPU
		{0015A618-14DE-45EA-9C34-3418AADC0EF7}.Debug|Any CPU.Build.0 = Debug|Any CPU
		{0015A618-14DE-45EA-9C34-3418AADC0EF7}.Debug|x64.ActiveCfg = Debug|Any CPU
		{0015A618-14DE-45EA-9C34-3418AADC0EF7}.Debug|x64.Build.0 = Debug|Any CPU
		{0015A618-14DE-45EA-9C34-3418AADC0EF7}.Debug|x86.ActiveCfg = Debug|Any CPU
		{0015A618-14DE-45EA-9C34-3418AADC0EF7}.Debug|x86.Build.0 = Debug|Any CPU
		{0015A618-14DE-45EA-9C34-3418AADC0EF7}.Release|Any CPU.ActiveCfg = Release|Any CPU
		{0015A618-14DE-45EA-9C34-3418AADC0EF7}.Release|Any CPU.Build.0 = Release|Any CPU
		{0015A618-14DE-45EA-9C34-3418AADC0EF7}.Release|x64.ActiveCfg = Release|Any CPU
		{0015A618-14DE-45EA-9C34-3418AADC0EF7}.Release|x64.Build.0 = Release|Any CPU
		{0015A618-14DE-45EA-9C34-3418AADC0EF7}.Release|x86.ActiveCfg = Release|Any CPU
		{0015A618-14DE-45EA-9C34-3418AADC0EF7}.Release|x86.Build.0 = Release|Any CPU
		{6431EFD7-8E11-4664-9683-E2746412A42C}.Debug|Any CPU.ActiveCfg = Debug|Any CPU
		{6431EFD7-8E11-4664-9683-E2746412A42C}.Debug|Any CPU.Build.0 = Debug|Any CPU
		{6431EFD7-8E11-4664-9683-E2746412A42C}.Debug|x64.ActiveCfg = Debug|Any CPU
		{6431EFD7-8E11-4664-9683-E2746412A42C}.Debug|x64.Build.0 = Debug|Any CPU
		{6431EFD7-8E11-4664-9683-E2746412A42C}.Debug|x86.ActiveCfg = Debug|Any CPU
		{6431EFD7-8E11-4664-9683-E2746412A42C}.Debug|x86.Build.0 = Debug|Any CPU
		{6431EFD7-8E11-4664-9683-E2746412A42C}.Release|Any CPU.ActiveCfg = Release|Any CPU
		{6431EFD7-8E11-4664-9683-E2746412A42C}.Release|Any CPU.Build.0 = Release|Any CPU
		{6431EFD7-8E11-4664-9683-E2746412A42C}.Release|x64.ActiveCfg = Release|Any CPU
		{6431EFD7-8E11-4664-9683-E2746412A42C}.Release|x64.Build.0 = Release|Any CPU
		{6431EFD7-8E11-4664-9683-E2746412A42C}.Release|x86.ActiveCfg = Release|Any CPU
		{6431EFD7-8E11-4664-9683-E2746412A42C}.Release|x86.Build.0 = Release|Any CPU
		{FC079661-912E-4C90-91DF-643241ED389F}.Debug|Any CPU.ActiveCfg = Debug|Any CPU
		{FC079661-912E-4C90-91DF-643241ED389F}.Debug|Any CPU.Build.0 = Debug|Any CPU
		{FC079661-912E-4C90-91DF-643241ED389F}.Debug|x64.ActiveCfg = Debug|Any CPU
		{FC079661-912E-4C90-91DF-643241ED389F}.Debug|x64.Build.0 = Debug|Any CPU
		{FC079661-912E-4C90-91DF-643241ED389F}.Debug|x86.ActiveCfg = Debug|Any CPU
		{FC079661-912E-4C90-91DF-643241ED389F}.Debug|x86.Build.0 = Debug|Any CPU
		{FC079661-912E-4C90-91DF-643241ED389F}.Release|Any CPU.ActiveCfg = Release|Any CPU
		{FC079661-912E-4C90-91DF-643241ED389F}.Release|Any CPU.Build.0 = Release|Any CPU
		{FC079661-912E-4C90-91DF-643241ED389F}.Release|x64.ActiveCfg = Release|Any CPU
		{FC079661-912E-4C90-91DF-643241ED389F}.Release|x64.Build.0 = Release|Any CPU
		{FC079661-912E-4C90-91DF-643241ED389F}.Release|x86.ActiveCfg = Release|Any CPU
		{FC079661-912E-4C90-91DF-643241ED389F}.Release|x86.Build.0 = Release|Any CPU
		{DCE3846D-2B9C-4F65-85CB-6C6D26BFB390}.Debug|Any CPU.ActiveCfg = Debug|Any CPU
		{DCE3846D-2B9C-4F65-85CB-6C6D26BFB390}.Debug|Any CPU.Build.0 = Debug|Any CPU
		{DCE3846D-2B9C-4F65-85CB-6C6D26BFB390}.Debug|x64.ActiveCfg = Debug|Any CPU
		{DCE3846D-2B9C-4F65-85CB-6C6D26BFB390}.Debug|x64.Build.0 = Debug|Any CPU
		{DCE3846D-2B9C-4F65-85CB-6C6D26BFB390}.Debug|x86.ActiveCfg = Debug|Any CPU
		{DCE3846D-2B9C-4F65-85CB-6C6D26BFB390}.Debug|x86.Build.0 = Debug|Any CPU
		{DCE3846D-2B9C-4F65-85CB-6C6D26BFB390}.Release|Any CPU.ActiveCfg = Release|Any CPU
		{DCE3846D-2B9C-4F65-85CB-6C6D26BFB390}.Release|Any CPU.Build.0 = Release|Any CPU
		{DCE3846D-2B9C-4F65-85CB-6C6D26BFB390}.Release|x64.ActiveCfg = Release|Any CPU
		{DCE3846D-2B9C-4F65-85CB-6C6D26BFB390}.Release|x64.Build.0 = Release|Any CPU
		{DCE3846D-2B9C-4F65-85CB-6C6D26BFB390}.Release|x86.ActiveCfg = Release|Any CPU
		{DCE3846D-2B9C-4F65-85CB-6C6D26BFB390}.Release|x86.Build.0 = Release|Any CPU
		{8B7D6D9B-9029-4AF0-932A-306B5FD23B6A}.Debug|Any CPU.ActiveCfg = Debug|Any CPU
		{8B7D6D9B-9029-4AF0-932A-306B5FD23B6A}.Debug|Any CPU.Build.0 = Debug|Any CPU
		{8B7D6D9B-9029-4AF0-932A-306B5FD23B6A}.Debug|x64.ActiveCfg = Debug|Any CPU
		{8B7D6D9B-9029-4AF0-932A-306B5FD23B6A}.Debug|x64.Build.0 = Debug|Any CPU
		{8B7D6D9B-9029-4AF0-932A-306B5FD23B6A}.Debug|x86.ActiveCfg = Debug|Any CPU
		{8B7D6D9B-9029-4AF0-932A-306B5FD23B6A}.Debug|x86.Build.0 = Debug|Any CPU
		{8B7D6D9B-9029-4AF0-932A-306B5FD23B6A}.Release|Any CPU.ActiveCfg = Release|Any CPU
		{8B7D6D9B-9029-4AF0-932A-306B5FD23B6A}.Release|Any CPU.Build.0 = Release|Any CPU
		{8B7D6D9B-9029-4AF0-932A-306B5FD23B6A}.Release|x64.ActiveCfg = Release|Any CPU
		{8B7D6D9B-9029-4AF0-932A-306B5FD23B6A}.Release|x64.Build.0 = Release|Any CPU
		{8B7D6D9B-9029-4AF0-932A-306B5FD23B6A}.Release|x86.ActiveCfg = Release|Any CPU
		{8B7D6D9B-9029-4AF0-932A-306B5FD23B6A}.Release|x86.Build.0 = Release|Any CPU
		{21DDAC8C-A3C7-4D1D-AD38-966547E6B9D5}.Debug|Any CPU.ActiveCfg = Debug|Any CPU
		{21DDAC8C-A3C7-4D1D-AD38-966547E6B9D5}.Debug|Any CPU.Build.0 = Debug|Any CPU
		{21DDAC8C-A3C7-4D1D-AD38-966547E6B9D5}.Debug|x64.ActiveCfg = Debug|Any CPU
		{21DDAC8C-A3C7-4D1D-AD38-966547E6B9D5}.Debug|x64.Build.0 = Debug|Any CPU
		{21DDAC8C-A3C7-4D1D-AD38-966547E6B9D5}.Debug|x86.ActiveCfg = Debug|Any CPU
		{21DDAC8C-A3C7-4D1D-AD38-966547E6B9D5}.Debug|x86.Build.0 = Debug|Any CPU
		{21DDAC8C-A3C7-4D1D-AD38-966547E6B9D5}.Release|Any CPU.ActiveCfg = Release|Any CPU
		{21DDAC8C-A3C7-4D1D-AD38-966547E6B9D5}.Release|Any CPU.Build.0 = Release|Any CPU
		{21DDAC8C-A3C7-4D1D-AD38-966547E6B9D5}.Release|x64.ActiveCfg = Release|Any CPU
		{21DDAC8C-A3C7-4D1D-AD38-966547E6B9D5}.Release|x64.Build.0 = Release|Any CPU
		{21DDAC8C-A3C7-4D1D-AD38-966547E6B9D5}.Release|x86.ActiveCfg = Release|Any CPU
		{21DDAC8C-A3C7-4D1D-AD38-966547E6B9D5}.Release|x86.Build.0 = Release|Any CPU
	EndGlobalSection
	GlobalSection(SolutionProperties) = preSolution
		HideSolutionNode = FALSE
	EndGlobalSection
	GlobalSection(NestedProjects) = preSolution
		{5E3DC9EC-6304-4F38-8C62-EE6F84DE6BB2} = {827E0CD3-B72D-47B6-A68D-7590B98EB39B}
		{0015A618-14DE-45EA-9C34-3418AADC0EF7} = {827E0CD3-B72D-47B6-A68D-7590B98EB39B}
		{6431EFD7-8E11-4664-9683-E2746412A42C} = {827E0CD3-B72D-47B6-A68D-7590B98EB39B}
		{FC079661-912E-4C90-91DF-643241ED389F} = {827E0CD3-B72D-47B6-A68D-7590B98EB39B}
		{DCE3846D-2B9C-4F65-85CB-6C6D26BFB390} = {0AB3BF05-4346-4AA6-1389-037BE0695223}
		{8B7D6D9B-9029-4AF0-932A-306B5FD23B6A} = {0AB3BF05-4346-4AA6-1389-037BE0695223}
		{21DDAC8C-A3C7-4D1D-AD38-966547E6B9D5} = {0AB3BF05-4346-4AA6-1389-037BE0695223}
	EndGlobalSection
EndGlobal
